
Microsoft Visual Studio Solution File, Format Version 12.00
# Visual Studio Version 17
VisualStudioVersion = 17.7.34031.279
MinimumVisualStudioVersion = 10.0.40219.1
Project("{FAE04EC0-301F-11D3-BF4B-00C04F79EFBC}") = "HolaMundo", "HolaMundo\HolaMundo.csproj", "{40D35A12-D437-484B-96EB-8E7D9C16C796}"
EndProject
Global
	GlobalSection(SolutionConfigurationPlatforms) = preSolution
		Debug|Any CPU = Debug|Any CPU
		Release|Any CPU = Release|Any CPU
	EndGlobalSection
	GlobalSection(ProjectConfigurationPlatforms) = postSolution
		{40D35A12-D437-484B-96EB-8E7D9C16C796}.Debug|Any CPU.ActiveCfg = Debug|Any CPU
		{40D35A12-D437-484B-96EB-8E7D9C16C796}.Debug|Any CPU.Build.0 = Debug|Any CPU
		{40D35A12-D437-484B-96EB-8E7D9C16C796}.Release|Any CPU.ActiveCfg = Release|Any CPU
		{40D35A12-D437-484B-96EB-8E7D9C16C796}.Release|Any CPU.Build.0 = Release|Any CPU
	EndGlobalSection
	GlobalSection(SolutionProperties) = preSolution
		HideSolutionNode = FALSE
	EndGlobalSection
	GlobalSection(ExtensibilityGlobals) = postSolution
		SolutionGuid = {89586668-D7D0-4537-B456-2A32A636A19B}
	EndGlobalSection
EndGlobal
